// !$*UTF8*$!
{
	archiveVersion = 1;
	classes = {
	};
	objectVersion = 56;
	objects = {

/* Begin PBXBuildFile section */
		086AA2622AE557490016F697 /* ProfileHeaderView.swift in Sources */ = {isa = PBXBuildFile; fileRef = 086AA2612AE557490016F697 /* ProfileHeaderView.swift */; };
		086AA2642AE55A3F0016F697 /* UploadPostView.swift in Sources */ = {isa = PBXBuildFile; fileRef = 086AA2632AE55A3F0016F697 /* UploadPostView.swift */; };
		086AA2662AE5A5C00016F697 /* UploadPostViewModel.swift in Sources */ = {isa = PBXBuildFile; fileRef = 086AA2652AE5A5C00016F697 /* UploadPostViewModel.swift */; };
		086AA2682AE5C5E40016F697 /* GoogleService-Info.plist in Resources */ = {isa = PBXBuildFile; fileRef = 086AA2672AE5C5E40016F697 /* GoogleService-Info.plist */; };
		086AA26B2AE5C72B0016F697 /* FirebaseAuth in Frameworks */ = {isa = PBXBuildFile; productRef = 086AA26A2AE5C72B0016F697 /* FirebaseAuth */; };
		086AA26D2AE5C72B0016F697 /* FirebaseFirestore in Frameworks */ = {isa = PBXBuildFile; productRef = 086AA26C2AE5C72B0016F697 /* FirebaseFirestore */; };
		086AA26F2AE5C72B0016F697 /* FirebaseFirestoreSwift in Frameworks */ = {isa = PBXBuildFile; productRef = 086AA26E2AE5C72B0016F697 /* FirebaseFirestoreSwift */; };
		086AA2712AE5C72B0016F697 /* FirebaseStorage in Frameworks */ = {isa = PBXBuildFile; productRef = 086AA2702AE5C72B0016F697 /* FirebaseStorage */; };
		08757E6A2AD3F62E00151C42 /* InstagramApp.swift in Sources */ = {isa = PBXBuildFile; fileRef = 08757E692AD3F62E00151C42 /* InstagramApp.swift */; };
		08757E6C2AD3F62E00151C42 /* ContentView.swift in Sources */ = {isa = PBXBuildFile; fileRef = 08757E6B2AD3F62E00151C42 /* ContentView.swift */; };
		08757E6E2AD3F62F00151C42 /* Assets.xcassets in Resources */ = {isa = PBXBuildFile; fileRef = 08757E6D2AD3F62F00151C42 /* Assets.xcassets */; };
		08757E712AD3F62F00151C42 /* Preview Assets.xcassets in Resources */ = {isa = PBXBuildFile; fileRef = 08757E702AD3F62F00151C42 /* Preview Assets.xcassets */; };
		08757E892AD3F79C00151C42 /* MainTabView.swift in Sources */ = {isa = PBXBuildFile; fileRef = 08757E882AD3F79C00151C42 /* MainTabView.swift */; };
		08757E8B2AD4038800151C42 /* ProfileView.swift in Sources */ = {isa = PBXBuildFile; fileRef = 08757E8A2AD4038800151C42 /* ProfileView.swift */; };
		08757E8E2AD4186300151C42 /* UserStatView.swift in Sources */ = {isa = PBXBuildFile; fileRef = 08757E8D2AD4186300151C42 /* UserStatView.swift */; };
		08757E902AD4A5F700151C42 /* FeedCell.swift in Sources */ = {isa = PBXBuildFile; fileRef = 08757E8F2AD4A5F700151C42 /* FeedCell.swift */; };
		08757E922AD4A60100151C42 /* FeedView.swift in Sources */ = {isa = PBXBuildFile; fileRef = 08757E912AD4A60100151C42 /* FeedView.swift */; };
		08757E942AD4AF9900151C42 /* SearchView.swift in Sources */ = {isa = PBXBuildFile; fileRef = 08757E932AD4AF9900151C42 /* SearchView.swift */; };
		08757E962AD4B53E00151C42 /* LoginView.swift in Sources */ = {isa = PBXBuildFile; fileRef = 08757E952AD4B53E00151C42 /* LoginView.swift */; };
		08757E982AD4D37300151C42 /* AddEmailView.swift in Sources */ = {isa = PBXBuildFile; fileRef = 08757E972AD4D37300151C42 /* AddEmailView.swift */; };
		08757E9A2AD54CE700151C42 /* IGTextFieldModifier.swift in Sources */ = {isa = PBXBuildFile; fileRef = 08757E992AD54CE700151C42 /* IGTextFieldModifier.swift */; };
		08757E9C2AD54E2000151C42 /* CreateUserNameView.swift in Sources */ = {isa = PBXBuildFile; fileRef = 08757E9B2AD54E2000151C42 /* CreateUserNameView.swift */; };
		08757E9E2AD563BC00151C42 /* CreatePasswordView.swift in Sources */ = {isa = PBXBuildFile; fileRef = 08757E9D2AD563BC00151C42 /* CreatePasswordView.swift */; };
		08757EA02AD5678D00151C42 /* CompleteSignUpView.swift in Sources */ = {isa = PBXBuildFile; fileRef = 08757E9F2AD5678D00151C42 /* CompleteSignUpView.swift */; };
		08757EA22AD6A9C200151C42 /* User.swift in Sources */ = {isa = PBXBuildFile; fileRef = 08757EA12AD6A9C200151C42 /* User.swift */; };
		08757EA42AD816A600151C42 /* CurrentUserProfileView.swift in Sources */ = {isa = PBXBuildFile; fileRef = 08757EA32AD816A600151C42 /* CurrentUserProfileView.swift */; };
		08757EA62AD97BC700151C42 /* Post.swift in Sources */ = {isa = PBXBuildFile; fileRef = 08757EA52AD97BC700151C42 /* Post.swift */; };
		08757EA82ADA284000151C42 /* PostGridView.swift in Sources */ = {isa = PBXBuildFile; fileRef = 08757EA72ADA284000151C42 /* PostGridView.swift */; };
/* End PBXBuildFile section */

/* Begin PBXFileReference section */
		086AA2612AE557490016F697 /* ProfileHeaderView.swift */ = {isa = PBXFileReference; lastKnownFileType = sourcecode.swift; path = ProfileHeaderView.swift; sourceTree = "<group>"; };
		086AA2632AE55A3F0016F697 /* UploadPostView.swift */ = {isa = PBXFileReference; lastKnownFileType = sourcecode.swift; path = UploadPostView.swift; sourceTree = "<group>"; };
		086AA2652AE5A5C00016F697 /* UploadPostViewModel.swift */ = {isa = PBXFileReference; lastKnownFileType = sourcecode.swift; path = UploadPostViewModel.swift; sourceTree = "<group>"; };
		086AA2672AE5C5E40016F697 /* GoogleService-Info.plist */ = {isa = PBXFileReference; fileEncoding = 4; lastKnownFileType = text.plist.xml; path = "GoogleService-Info.plist"; sourceTree = "<group>"; };
		08757E662AD3F62E00151C42 /* Instagram.app */ = {isa = PBXFileReference; explicitFileType = wrapper.application; includeInIndex = 0; path = Instagram.app; sourceTree = BUILT_PRODUCTS_DIR; };
		08757E692AD3F62E00151C42 /* InstagramApp.swift */ = {isa = PBXFileReference; lastKnownFileType = sourcecode.swift; path = InstagramApp.swift; sourceTree = "<group>"; };
		08757E6B2AD3F62E00151C42 /* ContentView.swift */ = {isa = PBXFileReference; lastKnownFileType = sourcecode.swift; path = ContentView.swift; sourceTree = "<group>"; };
		08757E6D2AD3F62F00151C42 /* Assets.xcassets */ = {isa = PBXFileReference; lastKnownFileType = folder.assetcatalog; path = Assets.xcassets; sourceTree = "<group>"; };
		08757E702AD3F62F00151C42 /* Preview Assets.xcassets */ = {isa = PBXFileReference; lastKnownFileType = folder.assetcatalog; path = "Preview Assets.xcassets"; sourceTree = "<group>"; };
		08757E882AD3F79C00151C42 /* MainTabView.swift */ = {isa = PBXFileReference; lastKnownFileType = sourcecode.swift; path = MainTabView.swift; sourceTree = "<group>"; };
		08757E8A2AD4038800151C42 /* ProfileView.swift */ = {isa = PBXFileReference; lastKnownFileType = sourcecode.swift; path = ProfileView.swift; sourceTree = "<group>"; };
		08757E8D2AD4186300151C42 /* UserStatView.swift */ = {isa = PBXFileReference; lastKnownFileType = sourcecode.swift; path = UserStatView.swift; sourceTree = "<group>"; };
		08757E8F2AD4A5F700151C42 /* FeedCell.swift */ = {isa = PBXFileReference; lastKnownFileType = sourcecode.swift; path = FeedCell.swift; sourceTree = "<group>"; };
		08757E912AD4A60100151C42 /* FeedView.swift */ = {isa = PBXFileReference; lastKnownFileType = sourcecode.swift; path = FeedView.swift; sourceTree = "<group>"; };
		08757E932AD4AF9900151C42 /* SearchView.swift */ = {isa = PBXFileReference; lastKnownFileType = sourcecode.swift; path = SearchView.swift; sourceTree = "<group>"; };
		08757E952AD4B53E00151C42 /* LoginView.swift */ = {isa = PBXFileReference; lastKnownFileType = sourcecode.swift; path = LoginView.swift; sourceTree = "<group>"; };
		08757E972AD4D37300151C42 /* AddEmailView.swift */ = {isa = PBXFileReference; lastKnownFileType = sourcecode.swift; path = AddEmailView.swift; sourceTree = "<group>"; };
		08757E992AD54CE700151C42 /* IGTextFieldModifier.swift */ = {isa = PBXFileReference; lastKnownFileType = sourcecode.swift; path = IGTextFieldModifier.swift; sourceTree = "<group>"; };
		08757E9B2AD54E2000151C42 /* CreateUserNameView.swift */ = {isa = PBXFileReference; lastKnownFileType = sourcecode.swift; path = CreateUserNameView.swift; sourceTree = "<group>"; };
		08757E9D2AD563BC00151C42 /* CreatePasswordView.swift */ = {isa = PBXFileReference; lastKnownFileType = sourcecode.swift; path = CreatePasswordView.swift; sourceTree = "<group>"; };
		08757E9F2AD5678D00151C42 /* CompleteSignUpView.swift */ = {isa = PBXFileReference; lastKnownFileType = sourcecode.swift; path = CompleteSignUpView.swift; sourceTree = "<group>"; };
		08757EA12AD6A9C200151C42 /* User.swift */ = {isa = PBXFileReference; lastKnownFileType = sourcecode.swift; path = User.swift; sourceTree = "<group>"; };
		08757EA32AD816A600151C42 /* CurrentUserProfileView.swift */ = {isa = PBXFileReference; lastKnownFileType = sourcecode.swift; path = CurrentUserProfileView.swift; sourceTree = "<group>"; };
		08757EA52AD97BC700151C42 /* Post.swift */ = {isa = PBXFileReference; lastKnownFileType = sourcecode.swift; path = Post.swift; sourceTree = "<group>"; };
		08757EA72ADA284000151C42 /* PostGridView.swift */ = {isa = PBXFileReference; lastKnownFileType = sourcecode.swift; path = PostGridView.swift; sourceTree = "<group>"; };
/* End PBXFileReference section */

/* Begin PBXFrameworksBuildPhase section */
		08757E632AD3F62E00151C42 /* Frameworks */ = {
			isa = PBXFrameworksBuildPhase;
			buildActionMask = 2147483647;
			files = (
				086AA26B2AE5C72B0016F697 /* FirebaseAuth in Frameworks */,
				086AA2712AE5C72B0016F697 /* FirebaseStorage in Frameworks */,
				086AA26D2AE5C72B0016F697 /* FirebaseFirestore in Frameworks */,
				086AA26F2AE5C72B0016F697 /* FirebaseFirestoreSwift in Frameworks */,
			);
			runOnlyForDeploymentPostprocessing = 0;
		};
/* End PBXFrameworksBuildPhase section */

/* Begin PBXGroup section */
		08757E5D2AD3F62E00151C42 = {
			isa = PBXGroup;
			children = (
				08757E682AD3F62E00151C42 /* Instagram */,
				08757E672AD3F62E00151C42 /* Products */,
			);
			sourceTree = "<group>";
		};
		08757E672AD3F62E00151C42 /* Products */ = {
			isa = PBXGroup;
			children = (
				08757E662AD3F62E00151C42 /* Instagram.app */,
			);
			name = Products;
			sourceTree = "<group>";
		};
		08757E682AD3F62E00151C42 /* Instagram */ = {
			isa = PBXGroup;
			children = (
				086AA2672AE5C5E40016F697 /* GoogleService-Info.plist */,
				08757E7F2AD3F69100151C42 /* App */,
				08757E7E2AD3F68A00151C42 /* Core */,
				08757E7D2AD3F68800151C42 /* Extensions */,
				08757E7B2AD3F67800151C42 /* Model */,
				08757E772AD3F63700151C42 /* Services */,
				08757E6B2AD3F62E00151C42 /* ContentView.swift */,
				08757E6D2AD3F62F00151C42 /* Assets.xcassets */,
				08757E6F2AD3F62F00151C42 /* Preview Content */,
			);
			path = Instagram;
			sourceTree = "<group>";
		};
		08757E6F2AD3F62F00151C42 /* Preview Content */ = {
			isa = PBXGroup;
			children = (
				08757E702AD3F62F00151C42 /* Preview Assets.xcassets */,
			);
			path = "Preview Content";
			sourceTree = "<group>";
		};
		08757E772AD3F63700151C42 /* Services */ = {
			isa = PBXGroup;
			children = (
			);
			path = Services;
			sourceTree = "<group>";
		};
		08757E7B2AD3F67800151C42 /* Model */ = {
			isa = PBXGroup;
			children = (
				08757EA12AD6A9C200151C42 /* User.swift */,
				08757EA52AD97BC700151C42 /* Post.swift */,
			);
			path = Model;
			sourceTree = "<group>";
		};
		08757E7D2AD3F68800151C42 /* Extensions */ = {
			isa = PBXGroup;
			children = (
			);
			path = Extensions;
			sourceTree = "<group>";
		};
		08757E7E2AD3F68A00151C42 /* Core */ = {
			isa = PBXGroup;
			children = (
				08757E812AD3F6DF00151C42 /* Authentication */,
				08757E8C2AD4184C00151C42 /* Components */,
				08757E822AD3F6E800151C42 /* Feed */,
				08757E852AD3F6FE00151C42 /* Search */,
				08757E842AD3F6F600151C42 /* Root */,
				08757E832AD3F6F000151C42 /* Profile */,
				08757E862AD3F72100151C42 /* TabBar */,
				08757E872AD3F72D00151C42 /* UploadPost */,
			);
			path = Core;
			sourceTree = "<group>";
		};
		08757E7F2AD3F69100151C42 /* App */ = {
			isa = PBXGroup;
			children = (
				08757E692AD3F62E00151C42 /* InstagramApp.swift */,
			);
			path = App;
			sourceTree = "<group>";
		};
		08757E812AD3F6DF00151C42 /* Authentication */ = {
			isa = PBXGroup;
			children = (
				08757E952AD4B53E00151C42 /* LoginView.swift */,
				08757E972AD4D37300151C42 /* AddEmailView.swift */,
				08757E9B2AD54E2000151C42 /* CreateUserNameView.swift */,
				08757E9D2AD563BC00151C42 /* CreatePasswordView.swift */,
				08757E9F2AD5678D00151C42 /* CompleteSignUpView.swift */,
			);
			path = Authentication;
			sourceTree = "<group>";
		};
		08757E822AD3F6E800151C42 /* Feed */ = {
			isa = PBXGroup;
			children = (
				08757E8F2AD4A5F700151C42 /* FeedCell.swift */,
				08757E912AD4A60100151C42 /* FeedView.swift */,
			);
			path = Feed;
			sourceTree = "<group>";
		};
		08757E832AD3F6F000151C42 /* Profile */ = {
			isa = PBXGroup;
			children = (
				08757E8A2AD4038800151C42 /* ProfileView.swift */,
				08757EA32AD816A600151C42 /* CurrentUserProfileView.swift */,
				086AA2612AE557490016F697 /* ProfileHeaderView.swift */,
			);
			path = Profile;
			sourceTree = "<group>";
		};
		08757E842AD3F6F600151C42 /* Root */ = {
			isa = PBXGroup;
			children = (
			);
			path = Root;
			sourceTree = "<group>";
		};
		08757E852AD3F6FE00151C42 /* Search */ = {
			isa = PBXGroup;
			children = (
				08757E932AD4AF9900151C42 /* SearchView.swift */,
			);
			path = Search;
			sourceTree = "<group>";
		};
		08757E862AD3F72100151C42 /* TabBar */ = {
			isa = PBXGroup;
			children = (
				08757E882AD3F79C00151C42 /* MainTabView.swift */,
			);
			path = TabBar;
			sourceTree = "<group>";
		};
		08757E872AD3F72D00151C42 /* UploadPost */ = {
			isa = PBXGroup;
			children = (
				086AA2632AE55A3F0016F697 /* UploadPostView.swift */,
				086AA2652AE5A5C00016F697 /* UploadPostViewModel.swift */,
			);
			path = UploadPost;
			sourceTree = "<group>";
		};
		08757E8C2AD4184C00151C42 /* Components */ = {
			isa = PBXGroup;
			children = (
				08757E8D2AD4186300151C42 /* UserStatView.swift */,
				08757E992AD54CE700151C42 /* IGTextFieldModifier.swift */,
				08757EA72ADA284000151C42 /* PostGridView.swift */,
			);
			path = Components;
			sourceTree = "<group>";
		};
/* End PBXGroup section */

/* Begin PBXNativeTarget section */
		08757E652AD3F62E00151C42 /* Instagram */ = {
			isa = PBXNativeTarget;
			buildConfigurationList = 08757E742AD3F62F00151C42 /* Build configuration list for PBXNativeTarget "Instagram" */;
			buildPhases = (
				08757E622AD3F62E00151C42 /* Sources */,
				08757E632AD3F62E00151C42 /* Frameworks */,
				08757E642AD3F62E00151C42 /* Resources */,
			);
			buildRules = (
			);
			dependencies = (
			);
			name = Instagram;
			packageProductDependencies = (
				086AA26A2AE5C72B0016F697 /* FirebaseAuth */,
				086AA26C2AE5C72B0016F697 /* FirebaseFirestore */,
				086AA26E2AE5C72B0016F697 /* FirebaseFirestoreSwift */,
				086AA2702AE5C72B0016F697 /* FirebaseStorage */,
			);
			productName = Instagram;
			productReference = 08757E662AD3F62E00151C42 /* Instagram.app */;
			productType = "com.apple.product-type.application";
		};
/* End PBXNativeTarget section */

/* Begin PBXProject section */
		08757E5E2AD3F62E00151C42 /* Project object */ = {
			isa = PBXProject;
			attributes = {
				BuildIndependentTargetsInParallel = 1;
				LastSwiftUpdateCheck = 1430;
				LastUpgradeCheck = 1430;
				TargetAttributes = {
					08757E652AD3F62E00151C42 = {
						CreatedOnToolsVersion = 14.3.1;
					};
				};
			};
			buildConfigurationList = 08757E612AD3F62E00151C42 /* Build configuration list for PBXProject "Instagram" */;
			compatibilityVersion = "Xcode 14.0";
			developmentRegion = en;
			hasScannedForEncodings = 0;
			knownRegions = (
				en,
				Base,
			);
			mainGroup = 08757E5D2AD3F62E00151C42;
			packageReferences = (
				086AA2692AE5C72B0016F697 /* XCRemoteSwiftPackageReference "firebase-ios-sdk" */,
			);
			productRefGroup = 08757E672AD3F62E00151C42 /* Products */;
			projectDirPath = "";
			projectRoot = "";
			targets = (
				08757E652AD3F62E00151C42 /* Instagram */,
			);
		};
/* End PBXProject section */

/* Begin PBXResourcesBuildPhase section */
		08757E642AD3F62E00151C42 /* Resources */ = {
			isa = PBXResourcesBuildPhase;
			buildActionMask = 2147483647;
			files = (
				08757E712AD3F62F00151C42 /* Preview Assets.xcassets in Resources */,
				08757E6E2AD3F62F00151C42 /* Assets.xcassets in Resources */,
				086AA2682AE5C5E40016F697 /* GoogleService-Info.plist in Resources */,
			);
			runOnlyForDeploymentPostprocessing = 0;
		};
/* End PBXResourcesBuildPhase section */

/* Begin PBXSourcesBuildPhase section */
		08757E622AD3F62E00151C42 /* Sources */ = {
			isa = PBXSourcesBuildPhase;
			buildActionMask = 2147483647;
			files = (
				08757E922AD4A60100151C42 /* FeedView.swift in Sources */,
				086AA2642AE55A3F0016F697 /* UploadPostView.swift in Sources */,
				08757E8B2AD4038800151C42 /* ProfileView.swift in Sources */,
				08757E9C2AD54E2000151C42 /* CreateUserNameView.swift in Sources */,
				08757E6C2AD3F62E00151C42 /* ContentView.swift in Sources */,
				08757EA62AD97BC700151C42 /* Post.swift in Sources */,
				08757E962AD4B53E00151C42 /* LoginView.swift in Sources */,
				08757EA42AD816A600151C42 /* CurrentUserProfileView.swift in Sources */,
				08757E6A2AD3F62E00151C42 /* InstagramApp.swift in Sources */,
				08757EA82ADA284000151C42 /* PostGridView.swift in Sources */,
				08757E982AD4D37300151C42 /* AddEmailView.swift in Sources */,
				086AA2662AE5A5C00016F697 /* UploadPostViewModel.swift in Sources */,
				086AA2622AE557490016F697 /* ProfileHeaderView.swift in Sources */,
				08757EA02AD5678D00151C42 /* CompleteSignUpView.swift in Sources */,
				08757EA22AD6A9C200151C42 /* User.swift in Sources */,
				08757E942AD4AF9900151C42 /* SearchView.swift in Sources */,
				08757E9A2AD54CE700151C42 /* IGTextFieldModifier.swift in Sources */,
				08757E8E2AD4186300151C42 /* UserStatView.swift in Sources */,
				08757E892AD3F79C00151C42 /* MainTabView.swift in Sources */,
				08757E902AD4A5F700151C42 /* FeedCell.swift in Sources */,
				08757E9E2AD563BC00151C42 /* CreatePasswordView.swift in Sources */,
			);
			runOnlyForDeploymentPostprocessing = 0;
		};
/* End PBXSourcesBuildPhase section */

/* Begin XCBuildConfiguration section */
		08757E722AD3F62F00151C42 /* Debug */ = {
			isa = XCBuildConfiguration;
			buildSettings = {
				ALWAYS_SEARCH_USER_PATHS = NO;
				CLANG_ANALYZER_NONNULL = YES;
				CLANG_ANALYZER_NUMBER_OBJECT_CONVERSION = YES_AGGRESSIVE;
				CLANG_CXX_LANGUAGE_STANDARD = "gnu++20";
				CLANG_ENABLE_MODULES = YES;
				CLANG_ENABLE_OBJC_ARC = YES;
				CLANG_ENABLE_OBJC_WEAK = YES;
				CLANG_WARN_BLOCK_CAPTURE_AUTORELEASING = YES;
				CLANG_WARN_BOOL_CONVERSION = YES;
				CLANG_WARN_COMMA = YES;
				CLANG_WARN_CONSTANT_CONVERSION = YES;
				CLANG_WARN_DEPRECATED_OBJC_IMPLEMENTATIONS = YES;
				CLANG_WARN_DIRECT_OBJC_ISA_USAGE = YES_ERROR;
				CLANG_WARN_DOCUMENTATION_COMMENTS = YES;
				CLANG_WARN_EMPTY_BODY = YES;
				CLANG_WARN_ENUM_CONVERSION = YES;
				CLANG_WARN_INFINITE_RECURSION = YES;
				CLANG_WARN_INT_CONVERSION = YES;
				CLANG_WARN_NON_LITERAL_NULL_CONVERSION = YES;
				CLANG_WARN_OBJC_IMPLICIT_RETAIN_SELF = YES;
				CLANG_WARN_OBJC_LITERAL_CONVERSION = YES;
				CLANG_WARN_OBJC_ROOT_CLASS = YES_ERROR;
				CLANG_WARN_QUOTED_INCLUDE_IN_FRAMEWORK_HEADER = YES;
				CLANG_WARN_RANGE_LOOP_ANALYSIS = YES;
				CLANG_WARN_STRICT_PROTOTYPES = YES;
				CLANG_WARN_SUSPICIOUS_MOVE = YES;
				CLANG_WARN_UNGUARDED_AVAILABILITY = YES_AGGRESSIVE;
				CLANG_WARN_UNREACHABLE_CODE = YES;
				CLANG_WARN__DUPLICATE_METHOD_MATCH = YES;
				COPY_PHASE_STRIP = NO;
				DEBUG_INFORMATION_FORMAT = dwarf;
				ENABLE_STRICT_OBJC_MSGSEND = YES;
				ENABLE_TESTABILITY = YES;
				GCC_C_LANGUAGE_STANDARD = gnu11;
				GCC_DYNAMIC_NO_PIC = NO;
				GCC_NO_COMMON_BLOCKS = YES;
				GCC_OPTIMIZATION_LEVEL = 0;
				GCC_PREPROCESSOR_DEFINITIONS = (
					"DEBUG=1",
					"$(inherited)",
				);
				GCC_WARN_64_TO_32_BIT_CONVERSION = YES;
				GCC_WARN_ABOUT_RETURN_TYPE = YES_ERROR;
				GCC_WARN_UNDECLARED_SELECTOR = YES;
				GCC_WARN_UNINITIALIZED_AUTOS = YES_AGGRESSIVE;
				GCC_WARN_UNUSED_FUNCTION = YES;
				GCC_WARN_UNUSED_VARIABLE = YES;
				IPHONEOS_DEPLOYMENT_TARGET = 16.4;
				MTL_ENABLE_DEBUG_INFO = INCLUDE_SOURCE;
				MTL_FAST_MATH = YES;
				ONLY_ACTIVE_ARCH = YES;
				SDKROOT = iphoneos;
				SWIFT_ACTIVE_COMPILATION_CONDITIONS = DEBUG;
				SWIFT_OPTIMIZATION_LEVEL = "-Onone";
			};
			name = Debug;
		};
		08757E732AD3F62F00151C42 /* Release */ = {
			isa = XCBuildConfiguration;
			buildSettings = {
				ALWAYS_SEARCH_USER_PATHS = NO;
				CLANG_ANALYZER_NONNULL = YES;
				CLANG_ANALYZER_NUMBER_OBJECT_CONVERSION = YES_AGGRESSIVE;
				CLANG_CXX_LANGUAGE_STANDARD = "gnu++20";
				CLANG_ENABLE_MODULES = YES;
				CLANG_ENABLE_OBJC_ARC = YES;
				CLANG_ENABLE_OBJC_WEAK = YES;
				CLANG_WARN_BLOCK_CAPTURE_AUTORELEASING = YES;
				CLANG_WARN_BOOL_CONVERSION = YES;
				CLANG_WARN_COMMA = YES;
				CLANG_WARN_CONSTANT_CONVERSION = YES;
				CLANG_WARN_DEPRECATED_OBJC_IMPLEMENTATIONS = YES;
				CLANG_WARN_DIRECT_OBJC_ISA_USAGE = YES_ERROR;
				CLANG_WARN_DOCUMENTATION_COMMENTS = YES;
				CLANG_WARN_EMPTY_BODY = YES;
				CLANG_WARN_ENUM_CONVERSION = YES;
				CLANG_WARN_INFINITE_RECURSION = YES;
				CLANG_WARN_INT_CONVERSION = YES;
				CLANG_WARN_NON_LITERAL_NULL_CONVERSION = YES;
				CLANG_WARN_OBJC_IMPLICIT_RETAIN_SELF = YES;
				CLANG_WARN_OBJC_LITERAL_CONVERSION = YES;
				CLANG_WARN_OBJC_ROOT_CLASS = YES_ERROR;
				CLANG_WARN_QUOTED_INCLUDE_IN_FRAMEWORK_HEADER = YES;
				CLANG_WARN_RANGE_LOOP_ANALYSIS = YES;
				CLANG_WARN_STRICT_PROTOTYPES = YES;
				CLANG_WARN_SUSPICIOUS_MOVE = YES;
				CLANG_WARN_UNGUARDED_AVAILABILITY = YES_AGGRESSIVE;
				CLANG_WARN_UNREACHABLE_CODE = YES;
				CLANG_WARN__DUPLICATE_METHOD_MATCH = YES;
				COPY_PHASE_STRIP = NO;
				DEBUG_INFORMATION_FORMAT = "dwarf-with-dsym";
				ENABLE_NS_ASSERTIONS = NO;
				ENABLE_STRICT_OBJC_MSGSEND = YES;
				GCC_C_LANGUAGE_STANDARD = gnu11;
				GCC_NO_COMMON_BLOCKS = YES;
				GCC_WARN_64_TO_32_BIT_CONVERSION = YES;
				GCC_WARN_ABOUT_RETURN_TYPE = YES_ERROR;
				GCC_WARN_UNDECLARED_SELECTOR = YES;
				GCC_WARN_UNINITIALIZED_AUTOS = YES_AGGRESSIVE;
				GCC_WARN_UNUSED_FUNCTION = YES;
				GCC_WARN_UNUSED_VARIABLE = YES;
				IPHONEOS_DEPLOYMENT_TARGET = 16.4;
				MTL_ENABLE_DEBUG_INFO = NO;
				MTL_FAST_MATH = YES;
				SDKROOT = iphoneos;
				SWIFT_COMPILATION_MODE = wholemodule;
				SWIFT_OPTIMIZATION_LEVEL = "-O";
				VALIDATE_PRODUCT = YES;
			};
			name = Release;
		};
		08757E752AD3F62F00151C42 /* Debug */ = {
			isa = XCBuildConfiguration;
			buildSettings = {
				ASSETCATALOG_COMPILER_APPICON_NAME = AppIcon;
				ASSETCATALOG_COMPILER_GLOBAL_ACCENT_COLOR_NAME = AccentColor;
				CODE_SIGN_STYLE = Automatic;
				CURRENT_PROJECT_VERSION = 1;
				DEVELOPMENT_ASSET_PATHS = "\"Instagram/Preview Content\"";
				DEVELOPMENT_TEAM = MTDUB6LH6A;
				ENABLE_PREVIEWS = YES;
				GENERATE_INFOPLIST_FILE = YES;
				INFOPLIST_KEY_UIApplicationSceneManifest_Generation = YES;
				INFOPLIST_KEY_UIApplicationSupportsIndirectInputEvents = YES;
				INFOPLIST_KEY_UILaunchScreen_Generation = YES;
				INFOPLIST_KEY_UISupportedInterfaceOrientations_iPad = "UIInterfaceOrientationPortrait UIInterfaceOrientationPortraitUpsideDown UIInterfaceOrientationLandscapeLeft UIInterfaceOrientationLandscapeRight";
				INFOPLIST_KEY_UISupportedInterfaceOrientations_iPhone = "UIInterfaceOrientationPortrait UIInterfaceOrientationLandscapeLeft UIInterfaceOrientationLandscapeRight";
				LD_RUNPATH_SEARCH_PATHS = (
					"$(inherited)",
					"@executable_path/Frameworks",
				);
				MARKETING_VERSION = 1.0;
				PRODUCT_BUNDLE_IDENTIFIER = co.tahmidakther56.Instagram;
				PRODUCT_NAME = "$(TARGET_NAME)";
				SWIFT_EMIT_LOC_STRINGS = YES;
				SWIFT_VERSION = 5.0;
				TARGETED_DEVICE_FAMILY = "1,2";
			};
			name = Debug;
		};
		08757E762AD3F62F00151C42 /* Release */ = {
			isa = XCBuildConfiguration;
			buildSettings = {
				ASSETCATALOG_COMPILER_APPICON_NAME = AppIcon;
				ASSETCATALOG_COMPILER_GLOBAL_ACCENT_COLOR_NAME = AccentColor;
				CODE_SIGN_STYLE = Automatic;
				CURRENT_PROJECT_VERSION = 1;
				DEVELOPMENT_ASSET_PATHS = "\"Instagram/Preview Content\"";
				DEVELOPMENT_TEAM = MTDUB6LH6A;
				ENABLE_PREVIEWS = YES;
				GENERATE_INFOPLIST_FILE = YES;
				INFOPLIST_KEY_UIApplicationSceneManifest_Generation = YES;
				INFOPLIST_KEY_UIApplicationSupportsIndirectInputEvents = YES;
				INFOPLIST_KEY_UILaunchScreen_Generation = YES;
				INFOPLIST_KEY_UISupportedInterfaceOrientations_iPad = "UIInterfaceOrientationPortrait UIInterfaceOrientationPortraitUpsideDown UIInterfaceOrientationLandscapeLeft UIInterfaceOrientationLandscapeRight";
				INFOPLIST_KEY_UISupportedInterfaceOrientations_iPhone = "UIInterfaceOrientationPortrait UIInterfaceOrientationLandscapeLeft UIInterfaceOrientationLandscapeRight";
				LD_RUNPATH_SEARCH_PATHS = (
					"$(inherited)",
					"@executable_path/Frameworks",
				);
				MARKETING_VERSION = 1.0;
				PRODUCT_BUNDLE_IDENTIFIER = co.tahmidakther56.Instagram;
				PRODUCT_NAME = "$(TARGET_NAME)";
				SWIFT_EMIT_LOC_STRINGS = YES;
				SWIFT_VERSION = 5.0;
				TARGETED_DEVICE_FAMILY = "1,2";
			};
			name = Release;
		};
/* End XCBuildConfiguration section */

/* Begin XCConfigurationList section */
		08757E612AD3F62E00151C42 /* Build configuration list for PBXProject "Instagram" */ = {
			isa = XCConfigurationList;
			buildConfigurations = (
				08757E722AD3F62F00151C42 /* Debug */,
				08757E732AD3F62F00151C42 /* Release */,
			);
			defaultConfigurationIsVisible = 0;
			defaultConfigurationName = Release;
		};
		08757E742AD3F62F00151C42 /* Build configuration list for PBXNativeTarget "Instagram" */ = {
			isa = XCConfigurationList;
			buildConfigurations = (
				08757E752AD3F62F00151C42 /* Debug */,
				08757E762AD3F62F00151C42 /* Release */,
			);
			defaultConfigurationIsVisible = 0;
			defaultConfigurationName = Release;
		};
/* End XCConfigurationList section */

/* Begin XCRemoteSwiftPackageReference section */
		086AA2692AE5C72B0016F697 /* XCRemoteSwiftPackageReference "firebase-ios-sdk" */ = {
			isa = XCRemoteSwiftPackageReference;
			repositoryURL = "https://github.com/firebase/firebase-ios-sdk";
			requirement = {
				kind = upToNextMajorVersion;
				minimumVersion = 10.0.0;
			};
		};
/* End XCRemoteSwiftPackageReference section */

/* Begin XCSwiftPackageProductDependency section */
		086AA26A2AE5C72B0016F697 /* FirebaseAuth */ = {
			isa = XCSwiftPackageProductDependency;
			package = 086AA2692AE5C72B0016F697 /* XCRemoteSwiftPackageReference "firebase-ios-sdk" */;
			productName = FirebaseAuth;
		};
		086AA26C2AE5C72B0016F697 /* FirebaseFirestore */ = {
			isa = XCSwiftPackageProductDependency;
			package = 086AA2692AE5C72B0016F697 /* XCRemoteSwiftPackageReference "firebase-ios-sdk" */;
			productName = FirebaseFirestore;
		};
		086AA26E2AE5C72B0016F697 /* FirebaseFirestoreSwift */ = {
			isa = XCSwiftPackageProductDependency;
			package = 086AA2692AE5C72B0016F697 /* XCRemoteSwiftPackageReference "firebase-ios-sdk" */;
			productName = FirebaseFirestoreSwift;
		};
		086AA2702AE5C72B0016F697 /* FirebaseStorage */ = {
			isa = XCSwiftPackageProductDependency;
			package = 086AA2692AE5C72B0016F697 /* XCRemoteSwiftPackageReference "firebase-ios-sdk" */;
			productName = FirebaseStorage;
		};
/* End XCSwiftPackageProductDependency section */
	};
	rootObject = 08757E5E2AD3F62E00151C42 /* Project object */;
}
